<?xml version="1.0" encoding="utf-8"?>
<Project ToolsVersion="4.0" xmlns="http://schemas.microsoft.com/developer/msbuild/2003">
  <ItemGroup>
    <ClInclude Include="pch.h" />
    <ClInclude Include="Tester.h" />
    <ClInclude Include="ThreadPool.h" />
    <ClInclude Include="Timer.h" />
    <ClInclude Include="atomic_oword.h" />
    <ClInclude Include="atomic_shared_ptr.h" />
  </ItemGroup>
  <ItemGroup>
    <ClCompile Include="ThreadPool.cpp" />
    <ClCompile Include="Main.cpp" />
    <ClCompile Include="pch.cpp" />
    <ClCompile Include="Timer.cpp" />
  </ItemGroup>
  <ItemGroup>
    <Natvis Include="atomic_shared_ptr.natvis" />
  </ItemGroup>
</Project>