
Microsoft Visual Studio Solution File, Format Version 12.00
# Visual Studio 15
VisualStudioVersion = 15.0.28307.329
MinimumVisualStudioVersion = 10.0.40219.1
Project("{8BC9CEB8-8B4A-11D0-8D11-00A0C91BC942}") = "atomic_uint128", "atomic_uint128\atomic_uint128.vcxproj", "{F2B36960-1C2E-402A-91BE-CD8C1539E38B}"
EndProject
Global
	GlobalSection(SolutionConfigurationPlatforms) = preSolution
		Debug|x64 = Debug|x64
		Debug|x86 = Debug|x86
		Release|x64 = Release|x64
		Release|x86 = Release|x86
	EndGlobalSection
	GlobalSection(ProjectConfigurationPlatforms) = postSolution
		{F2B36960-1C2E-402A-91BE-CD8C1539E38B}.Debug|x64.ActiveCfg = Debug|x64
		{F2B36960-1C2E-402A-91BE-CD8C1539E38B}.Debug|x64.Build.0 = Debug|x64
		{F2B36960-1C2E-402A-91BE-CD8C1539E38B}.Debug|x86.ActiveCfg = Debug|x64
		{F2B36960-1C2E-402A-91BE-CD8C1539E38B}.Release|x64.ActiveCfg = Release|x64
		{F2B36960-1C2E-402A-91BE-CD8C1539E38B}.Release|x64.Build.0 = Release|x64
		{F2B36960-1C2E-402A-91BE-CD8C1539E38B}.Release|x86.ActiveCfg = Release|x64
	EndGlobalSection
	GlobalSection(SolutionProperties) = preSolution
		HideSolutionNode = FALSE
	EndGlobalSection
	GlobalSection(ExtensibilityGlobals) = postSolution
		SolutionGuid = {A1A753FF-3151-4CB3-A215-886A080E59D5}
	EndGlobalSection
EndGlobal
