<?xml version="1.0" encoding="utf-8"?>
<Project ToolsVersion="4.0" xmlns="http://schemas.microsoft.com/developer/msbuild/2003">
  <ItemGroup>
    <ClCompile Include="Main.cpp">
      <Filter>other</Filter>
    </ClCompile>
    <ClCompile Include="job_handler_tester.cpp">
      <Filter>other</Filter>
    </ClCompile>
    <ClCompile Include="work_tracker.cpp">
      <Filter>other</Filter>
    </ClCompile>
    <ClCompile Include="..\..\include\gdul\job_handler\job_handler_impl.cpp">
      <Filter>implementation</Filter>
    </ClCompile>
    <ClCompile Include="..\..\include\gdul\job_handler\worker.cpp">
      <Filter>implementation</Filter>
    </ClCompile>
    <ClCompile Include="..\..\include\gdul\job_handler\worker_impl.cpp">
      <Filter>implementation</Filter>
    </ClCompile>
    <ClCompile Include="..\..\include\gdul\job_handler\job_handler.cpp">
      <Filter>implementation</Filter>
    </ClCompile>
    <ClCompile Include="..\..\include\gdul\job_handler\batch_job_impl.cpp">
      <Filter>implementation\job</Filter>
    </ClCompile>
    <ClCompile Include="..\..\include\gdul\job_handler\job.cpp">
      <Filter>implementation\job</Filter>
    </ClCompile>
    <ClCompile Include="..\..\include\gdul\job_handler\job_impl.cpp">
      <Filter>implementation\job</Filter>
    </ClCompile>
    <ClCompile Include="..\..\include\gdul\job_handler\batch_job.cpp">
      <Filter>implementation\job</Filter>
    </ClCompile>
    <ClCompile Include="..\..\include\gdul\job_handler\job_handler_utility.cpp">
      <Filter>implementation</Filter>
    </ClCompile>
    <ClCompile Include="..\..\include\gdul\job_handler\debug\job_tracker.cpp">
      <Filter>implementation\debug</Filter>
    </ClCompile>
    <ClCompile Include="..\..\include\gdul\job_handler\debug\Job_tracker_node.cpp">
      <Filter>implementation\debug</Filter>
    </ClCompile>
  </ItemGroup>
  <ItemGroup>
    <ClInclude Include="job_handler_tester.h">
      <Filter>other</Filter>
    </ClInclude>
    <ClInclude Include="..\..\include\gdul\job_handler_master.h">
      <Filter>implementation</Filter>
    </ClInclude>
    <ClInclude Include="work_tracker.h">
      <Filter>other</Filter>
    </ClInclude>
    <ClInclude Include="..\..\include\gdul\job_handler\job_handler_impl.h">
      <Filter>implementation</Filter>
    </ClInclude>
    <ClInclude Include="..\..\include\gdul\job_handler\worker.h">
      <Filter>implementation</Filter>
    </ClInclude>
    <ClInclude Include="..\..\include\gdul\job_handler\worker_impl.h">
      <Filter>implementation</Filter>
    </ClInclude>
    <ClInclude Include="..\..\include\gdul\job_handler\chunk_allocator.h">
      <Filter>implementation</Filter>
    </ClInclude>
    <ClInclude Include="..\..\include\gdul\job_handler\job_handler.h">
      <Filter>implementation</Filter>
    </ClInclude>
    <ClInclude Include="..\..\include\gdul\job_handler\batch_job.h">
      <Filter>implementation\job</Filter>
    </ClInclude>
    <ClInclude Include="..\..\include\gdul\job_handler\batch_job_impl.h">
      <Filter>implementation\job</Filter>
    </ClInclude>
    <ClInclude Include="..\..\include\gdul\job_handler\job.h">
      <Filter>implementation\job</Filter>
    </ClInclude>
    <ClInclude Include="..\..\include\gdul\job_handler\job_impl.h">
      <Filter>implementation\job</Filter>
    </ClInclude>
    <ClInclude Include="..\..\include\gdul\job_handler\job_handler_utility.h">
      <Filter>implementation</Filter>
    </ClInclude>
    <ClInclude Include="..\..\include\gdul\job_handler\job_node.h">
      <Filter>implementation\job</Filter>
    </ClInclude>
    <ClInclude Include="..\..\include\gdul\job_handler\globals.h">
      <Filter>implementation</Filter>
    </ClInclude>
    <ClInclude Include="..\..\include\gdul\job_handler\batch_job_impl_interface.h">
      <Filter>implementation\job</Filter>
    </ClInclude>
    <ClInclude Include="..\..\include\gdul\job_handler\debug\job_tracker_interface.h">
      <Filter>implementation\debug</Filter>
    </ClInclude>
    <ClInclude Include="..\..\include\gdul\job_handler\debug\Job_tracker_node.h">
      <Filter>implementation\debug</Filter>
    </ClInclude>
    <ClInclude Include="..\..\include\gdul\job_handler\debug\constexp_id.h">
      <Filter>implementation\debug</Filter>
    </ClInclude>
    <ClInclude Include="..\..\include\gdul\job_handler\debug\job_tracker.h">
      <Filter>implementation\debug</Filter>
    </ClInclude>
  </ItemGroup>
  <ItemGroup>
    <Filter Include="implementation">
      <UniqueIdentifier>{5dd5a2aa-17b8-45d9-8cda-ad64190e5496}</UniqueIdentifier>
    </Filter>
    <Filter Include="other">
      <UniqueIdentifier>{2d2d466c-81e7-4bba-ac6a-7ed64a6c73c7}</UniqueIdentifier>
    </Filter>
    <Filter Include="implementation\job">
      <UniqueIdentifier>{cf04a2ad-34fa-478a-bb28-32ccea96627f}</UniqueIdentifier>
    </Filter>
    <Filter Include="implementation\debug">
      <UniqueIdentifier>{73a691c6-45d3-4c01-ab25-77747465520a}</UniqueIdentifier>
    </Filter>
  </ItemGroup>
</Project>