<?xml version="1.0" encoding="utf-8"?>
<Project ToolsVersion="4.0" xmlns="http://schemas.microsoft.com/developer/msbuild/2003">
  <ItemGroup>
    <ClCompile Include="Main.cpp" />
    <ClCompile Include="..\..\include\gdul\WIP_job_handler\job.cpp" />
    <ClCompile Include="..\..\include\gdul\WIP_job_handler\job_handler.cpp" />
    <ClCompile Include="..\..\include\gdul\WIP_job_handler\job_impl.cpp" />
    <ClCompile Include="..\..\include\gdul\WIP_job_handler\job_handler_commons.cpp" />
    <ClCompile Include="job_handler_tester.cpp" />
    <ClCompile Include="..\..\include\gdul\WIP_job_handler\worker_impl.cpp" />
    <ClCompile Include="..\..\include\gdul\WIP_job_handler\worker.cpp" />
  </ItemGroup>
  <ItemGroup>
    <ClInclude Include="..\..\include\gdul\WIP_job_handler\job.h" />
    <ClInclude Include="..\..\include\gdul\WIP_job_handler\job_handler.h" />
    <ClInclude Include="..\..\include\gdul\WIP_job_handler\job_impl.h" />
    <ClInclude Include="..\..\include\gdul\WIP_job_handler\callable.h" />
    <ClInclude Include="..\..\include\gdul\WIP_job_handler\callable_base.h" />
    <ClInclude Include="..\..\include\gdul\WIP_job_handler\job_handler_commons.h" />
    <ClInclude Include="..\..\include\gdul\job_handler_master.h" />
    <ClInclude Include="job_handler_tester.h" />
    <ClInclude Include="..\..\include\gdul\WIP_job_handler\worker_impl.h" />
    <ClInclude Include="..\..\include\gdul\WIP_job_handler\worker.h" />
    <ClInclude Include="..\..\include\gdul\WIP_job_handler\job_dependee.h" />
    <ClInclude Include="..\..\include\gdul\WIP_job_handler\chunk_allocator.h" />
    <ClInclude Include="..\..\include\gdul\WIP_job_handler\chunk_pool.h" />
  </ItemGroup>
</Project>